<?xml version="1.0" encoding="utf-8"?>
<Project ToolsVersion="4.0" xmlns="http://schemas.microsoft.com/developer/msbuild/2003">
  <ItemGroup>
    <ClCompile Include="Animation.cpp">
      <Filter>Source</Filter>
    </ClCompile>
    <ClCompile Include="Animations.cpp">
      <Filter>Source</Filter>
    </ClCompile>
    <ClCompile Include="Brick.cpp">
      <Filter>Source</Filter>
    </ClCompile>
    <ClCompile Include="Coin.cpp">
      <Filter>Source</Filter>
    </ClCompile>
    <ClCompile Include="Collision.cpp">
      <Filter>Source</Filter>
    </ClCompile>
    <ClCompile Include="debug.cpp">
      <Filter>Source</Filter>
    </ClCompile>
    <ClCompile Include="Game.cpp">
      <Filter>Source</Filter>
    </ClCompile>
    <ClCompile Include="GameObject.cpp">
      <Filter>Source</Filter>
    </ClCompile>
    <ClCompile Include="Goomba.cpp">
      <Filter>Source</Filter>
    </ClCompile>
    <ClCompile Include="main.cpp">
      <Filter>Source</Filter>
    </ClCompile>
    <ClCompile Include="Mario.cpp">
      <Filter>Source</Filter>
    </ClCompile>
    <ClCompile Include="Platform.cpp">
      <Filter>Source</Filter>
    </ClCompile>
    <ClCompile Include="PlayScene.cpp">
      <Filter>Source</Filter>
    </ClCompile>
    <ClCompile Include="Portal.cpp">
      <Filter>Source</Filter>
    </ClCompile>
    <ClCompile Include="SampleKeyEventHandler.cpp">
      <Filter>Source</Filter>
    </ClCompile>
    <ClCompile Include="Sprite.cpp">
      <Filter>Source</Filter>
    </ClCompile>
    <ClCompile Include="Sprites.cpp">
      <Filter>Source</Filter>
    </ClCompile>
    <ClCompile Include="Textures.cpp">
      <Filter>Source</Filter>
    </ClCompile>
    <ClCompile Include="Utils.cpp">
      <Filter>Source</Filter>
    </ClCompile>
    <ClCompile Include="Mushroom.cpp">
      <Filter>Source</Filter>
    </ClCompile>
    <ClCompile Include="Question.cpp">
      <Filter>Source</Filter>
    </ClCompile>
    <ClCompile Include="Koopa.cpp">
      <Filter>Source</Filter>
    </ClCompile>
    <ClCompile Include="Box.cpp">
      <Filter>Source</Filter>
    </ClCompile>
    <ClCompile Include="bgHorizontal.cpp">
      <Filter>Source</Filter>
    </ClCompile>
    <ClCompile Include="bgVertical.cpp">
      <Filter>Source</Filter>
    </ClCompile>
    <ClCompile Include="FirePlant.cpp">
      <Filter>Source</Filter>
    </ClCompile>
    <ClCompile Include="Fireball.cpp">
      <Filter>Source</Filter>
    </ClCompile>
    <ClCompile Include="Pipe.cpp">
      <Filter>Source</Filter>
    </ClCompile>
  </ItemGroup>
  <ItemGroup>
    <ClInclude Include="Animation.h">
      <Filter>Header</Filter>
    </ClInclude>
    <ClInclude Include="AnimationFrame.h">
      <Filter>Header</Filter>
    </ClInclude>
    <ClInclude Include="Animations.h">
      <Filter>Header</Filter>
    </ClInclude>
    <ClInclude Include="AssetIDs.h">
      <Filter>Header</Filter>
    </ClInclude>
    <ClInclude Include="Brick.h">
      <Filter>Header</Filter>
    </ClInclude>
    <ClInclude Include="Coin.h">
      <Filter>Header</Filter>
    </ClInclude>
    <ClInclude Include="Collision.h">
      <Filter>Header</Filter>
    </ClInclude>
    <ClInclude Include="debug.h">
      <Filter>Header</Filter>
    </ClInclude>
    <ClInclude Include="Game.h">
      <Filter>Header</Filter>
    </ClInclude>
    <ClInclude Include="GameObject.h">
      <Filter>Header</Filter>
    </ClInclude>
    <ClInclude Include="Goomba.h">
      <Filter>Header</Filter>
    </ClInclude>
    <ClInclude Include="KeyEventHandler.h">
      <Filter>Header</Filter>
    </ClInclude>
    <ClInclude Include="Mario.h">
      <Filter>Header</Filter>
    </ClInclude>
    <ClInclude Include="Platform.h">
      <Filter>Header</Filter>
    </ClInclude>
    <ClInclude Include="PlayScene.h">
      <Filter>Header</Filter>
    </ClInclude>
    <ClInclude Include="Portal.h">
      <Filter>Header</Filter>
    </ClInclude>
    <ClInclude Include="SampleKeyEventHandler.h">
      <Filter>Header</Filter>
    </ClInclude>
    <ClInclude Include="Scene.h">
      <Filter>Header</Filter>
    </ClInclude>
    <ClInclude Include="Sprite.h">
      <Filter>Header</Filter>
    </ClInclude>
    <ClInclude Include="Sprites.h">
      <Filter>Header</Filter>
    </ClInclude>
    <ClInclude Include="Texture.h">
      <Filter>Header</Filter>
    </ClInclude>
    <ClInclude Include="Textures.h">
      <Filter>Header</Filter>
    </ClInclude>
    <ClInclude Include="Utils.h">
      <Filter>Header</Filter>
    </ClInclude>
    <ClInclude Include="Mushroom.h">
      <Filter>Header</Filter>
    </ClInclude>
    <ClInclude Include="Question.h">
      <Filter>Header</Filter>
    </ClInclude>
    <ClInclude Include="Koopa.h">
      <Filter>Header</Filter>
    </ClInclude>
    <ClInclude Include="Box.h">
      <Filter>Header</Filter>
    </ClInclude>
    <ClInclude Include="bgHorizontal.h">
      <Filter>Header</Filter>
    </ClInclude>
    <ClInclude Include="bgVertical.h">
      <Filter>Header</Filter>
    </ClInclude>
    <ClInclude Include="FirePlant.h">
      <Filter>Header</Filter>
    </ClInclude>
    <ClInclude Include="Fireball.h">
      <Filter>Header</Filter>
    </ClInclude>
    <ClInclude Include="Pipe.h">
      <Filter>Header</Filter>
    </ClInclude>
  </ItemGroup>
  <ItemGroup>
    <None Include="packages.config" />
  </ItemGroup>
  <ItemGroup>
    <Filter Include="Header">
      <UniqueIdentifier>{9114cdcc-8f02-48e1-878f-2d52fc82e0ef}</UniqueIdentifier>
    </Filter>
    <Filter Include="Source">
      <UniqueIdentifier>{02ac1986-785c-4fd1-9000-180dfb7bddd4}</UniqueIdentifier>
    </Filter>
  </ItemGroup>
</Project>